
Microsoft Visual Studio Solution File, Format Version 12.00
# Visual Studio Version 17
VisualStudioVersion = 17.6.33829.357
MinimumVisualStudioVersion = 10.0.40219.1
Project("{8BC9CEB8-8B4A-11D0-8D11-00A0C91BC942}") = "GameHacking", "GameHackingTut.vcxproj", "{58A22BE3-2C5A-439B-AF40-11C1B8D884B6}"
EndProject
Project("{8BC9CEB8-8B4A-11D0-8D11-00A0C91BC942}") = "Trainer", "..\Trainer\Trainer.vcxproj", "{0AB7C68A-2B71-402B-B052-87772A13DD6E}"
EndProject
Project("{8BC9CEB8-8B4A-11D0-8D11-00A0C91BC942}") = "DLL Hack", "DLL Hack\DLL Hack.vcxproj", "{B8C8168D-1D98-4A26-A83C-8A08F1059C26}"
EndProject
Global
	GlobalSection(SolutionConfigurationPlatforms) = preSolution
		Debug|x64 = Debug|x64
		Debug|x86 = Debug|x86
		Release|x64 = Release|x64
		Release|x86 = Release|x86
	EndGlobalSection
	GlobalSection(ProjectConfigurationPlatforms) = postSolution
		{58A22BE3-2C5A-439B-AF40-11C1B8D884B6}.Debug|x64.ActiveCfg = Debug|x64
		{58A22BE3-2C5A-439B-AF40-11C1B8D884B6}.Debug|x64.Build.0 = Debug|x64
		{58A22BE3-2C5A-439B-AF40-11C1B8D884B6}.Debug|x86.ActiveCfg = Debug|Win32
		{58A22BE3-2C5A-439B-AF40-11C1B8D884B6}.Debug|x86.Build.0 = Debug|Win32
		{58A22BE3-2C5A-439B-AF40-11C1B8D884B6}.Release|x64.ActiveCfg = Release|x64
		{58A22BE3-2C5A-439B-AF40-11C1B8D884B6}.Release|x64.Build.0 = Release|x64
		{58A22BE3-2C5A-439B-AF40-11C1B8D884B6}.Release|x86.ActiveCfg = Release|Win32
		{58A22BE3-2C5A-439B-AF40-11C1B8D884B6}.Release|x86.Build.0 = Release|Win32
		{0AB7C68A-2B71-402B-B052-87772A13DD6E}.Debug|x64.ActiveCfg = Debug|x64
		{0AB7C68A-2B71-402B-B052-87772A13DD6E}.Debug|x64.Build.0 = Debug|x64
		{0AB7C68A-2B71-402B-B052-87772A13DD6E}.Debug|x86.ActiveCfg = Debug|Win32
		{0AB7C68A-2B71-402B-B052-87772A13DD6E}.Debug|x86.Build.0 = Debug|Win32
		{0AB7C68A-2B71-402B-B052-87772A13DD6E}.Release|x64.ActiveCfg = Release|x64
		{0AB7C68A-2B71-402B-B052-87772A13DD6E}.Release|x64.Build.0 = Release|x64
		{0AB7C68A-2B71-402B-B052-87772A13DD6E}.Release|x86.ActiveCfg = Release|Win32
		{0AB7C68A-2B71-402B-B052-87772A13DD6E}.Release|x86.Build.0 = Release|Win32
		{B8C8168D-1D98-4A26-A83C-8A08F1059C26}.Debug|x64.ActiveCfg = Debug|x64
		{B8C8168D-1D98-4A26-A83C-8A08F1059C26}.Debug|x64.Build.0 = Debug|x64
		{B8C8168D-1D98-4A26-A83C-8A08F1059C26}.Debug|x86.ActiveCfg = Debug|Win32
		{B8C8168D-1D98-4A26-A83C-8A08F1059C26}.Debug|x86.Build.0 = Debug|Win32
		{B8C8168D-1D98-4A26-A83C-8A08F1059C26}.Release|x64.ActiveCfg = Release|x64
		{B8C8168D-1D98-4A26-A83C-8A08F1059C26}.Release|x64.Build.0 = Release|x64
		{B8C8168D-1D98-4A26-A83C-8A08F1059C26}.Release|x86.ActiveCfg = Release|Win32
		{B8C8168D-1D98-4A26-A83C-8A08F1059C26}.Release|x86.Build.0 = Release|Win32
	EndGlobalSection
	GlobalSection(SolutionProperties) = preSolution
		HideSolutionNode = FALSE
	EndGlobalSection
	GlobalSection(ExtensibilityGlobals) = postSolution
		SolutionGuid = {EE048B0A-829F-4C28-BA59-112D0ADC6DD4}
	EndGlobalSection
EndGlobal
